
Microsoft Visual Studio Solution File, Format Version 12.00
# Visual Studio Version 17
VisualStudioVersion = 17.7.34221.43
MinimumVisualStudioVersion = 10.0.40219.1
Project("{FAE04EC0-301F-11D3-BF4B-00C04F79EFBC}") = "LR5", "LR5\LR5.csproj", "{8184978D-DEC9-4219-895C-B7B3F2562532}"
EndProject
Global
	GlobalSection(SolutionConfigurationPlatforms) = preSolution
		Debug|Any CPU = Debug|Any CPU
		Release|Any CPU = Release|Any CPU
	EndGlobalSection
	GlobalSection(ProjectConfigurationPlatforms) = postSolution
		{8184978D-DEC9-4219-895C-B7B3F2562532}.Debug|Any CPU.ActiveCfg = Debug|Any CPU
		{8184978D-DEC9-4219-895C-B7B3F2562532}.Debug|Any CPU.Build.0 = Debug|Any CPU
		{8184978D-DEC9-4219-895C-B7B3F2562532}.Release|Any CPU.ActiveCfg = Release|Any CPU
		{8184978D-DEC9-4219-895C-B7B3F2562532}.Release|Any CPU.Build.0 = Release|Any CPU
	EndGlobalSection
	GlobalSection(SolutionProperties) = preSolution
		HideSolutionNode = FALSE
	EndGlobalSection
	GlobalSection(ExtensibilityGlobals) = postSolution
		SolutionGuid = {F9E7A95E-E0AA-448C-B68A-F93862726682}
	EndGlobalSection
EndGlobal
